hash: b09548e889d0adb524407eba48898c352985dc1235b37da83a4627fab6a7f5a6
updated: 2017-07-21T15:08:52.324125873+10:00
imports:
- name: github.com/aws/aws-sdk-go
  version: afd601335e2a72d43caa3af6bd2abe512fcc3bfd
- name: github.com/fsnotify/fsnotify
  version: 4da3e2cfbabc9f751898f250b49f2439785783a1
- name: github.com/hashicorp/hcl
  version: 392dba7d905ed5d04a5794ba89f558b27e2ba1ca
  subpackages:
  - hcl/ast
  - hcl/parser
  - hcl/scanner
  - hcl/strconv
  - hcl/token
  - json/parser
  - json/scanner
  - json/token
- name: github.com/inconshreveable/mousetrap
  version: 76626ae9c91c4f2a10f34cad8ce83ea42c93bb75
- name: github.com/magiconair/properties
  version: 51463bfca2576e06c62a8504b5c0f06d61312647
- name: github.com/mitchellh/mapstructure
  version: cc8532a8e9a55ea36402aa21efdf403a60d34096
- name: github.com/pelletier/go-buffruneio
  version: c37440a7cf42ac63b919c752ca73a85067e05992
- name: github.com/pelletier/go-toml
  version: 23f644976aa7c724adf4aec911dadf4af17840ab
- name: github.com/spf13/afero
  version: 9be650865eab0c12963d8753212f4f9c66cdcf12
  subpackages:
  - mem
- name: github.com/spf13/cast
  version: acbeb36b902d72a7a4c18e8f3241075e7ab763e4
- name: github.com/spf13/cobra
  version: 1362f95a8d6fe330d00a64380d6e0b65f4992c72
- name: github.com/spf13/jwalterweatherman
  version: 8f07c835e5cc1450c082fe3a439cf87b0cbb2d99
- name: github.com/spf13/pflag
  version: e57e3eeb33f795204c1ca35f56c44f83227c6e66
- name: github.com/spf13/viper
  version: 0967fc9aceab2ce9da34061253ac10fb99bba5b2
- name: golang.org/x/sys
  version: 9ccfe848b9db8435a24c424abbc07a921adf1df5
  subpackages:
  - unix
- name: golang.org/x/text
  version: 470f45bf29f4147d6fbd7dfd0a02a848e49f5bf4
  subpackages:
  - transform
  - unicode/norm
- name: gopkg.in/yaml.v2
  version: cd8b52f8269e0feb286dfeef29f8fe4d5b397e0b
testImports: []
